{
  "name": "velobot",
  "lockfileVersion": 3,
  "requires": true,
  "packages": {
    "": {
      "name": "velobot",
      "dependencies": {
        "cron": "^3.1.7",
        "dayjs": "^1.11.11",
        "grammy": "^1.24.0",
        "lodash": "^4.17.21",
        "reflect-metadata": "^0.2.2"
      },
      "devDependencies": {
        "@types/bun": "latest",
        "@types/lodash": "^4.17.4"
      },
      "peerDependencies": {
        "typescript": "^5.0.0"
      }
    },
    "node_modules/@grammyjs/types": {
      "version": "3.8.0",
      "resolved": "https://registry.npmjs.org/@grammyjs/types/-/types-3.8.0.tgz",
      "integrity": "sha512-5r2rUJ/s939iQEt6j2gyl1owbWwKAYAg2gQH7FfWIP1swL2assZ97vRUl8cBU3UEp7es9c/VioWeQjKbV6g4eg=="
    },
    "node_modules/@types/bun": {
      "version": "1.1.3",
      "resolved": "https://registry.npmjs.org/@types/bun/-/bun-1.1.3.tgz",
      "integrity": "sha512-i+mVz8C/lx+RprDR6Mr402iE1kmajgJPnmSfJ/NvU85sGGXSylYZ/6yc+XhVLr2E/t8o6HmjwV0evtnUOR0CFA==",
      "dev": true,
      "dependencies": {
        "bun-types": "1.1.9"
      }
    },
    "node_modules/@types/lodash": {
      "version": "4.17.4",
      "resolved": "https://registry.npmjs.org/@types/lodash/-/lodash-4.17.4.tgz",
      "integrity": "sha512-wYCP26ZLxaT3R39kiN2+HcJ4kTd3U1waI/cY7ivWYqFP6pW3ZNpvi6Wd6PHZx7T/t8z0vlkXMg3QYLa7DZ/IJQ==",
      "dev": true
    },
    "node_modules/@types/luxon": {
      "version": "3.4.2",
      "resolved": "https://registry.npmjs.org/@types/luxon/-/luxon-3.4.2.tgz",
      "integrity": "sha512-TifLZlFudklWlMBfhubvgqTXRzLDI5pCbGa4P8a3wPyUQSW+1xQ5eDsreP9DWHX3tjq1ke96uYG/nwundroWcA=="
    },
    "node_modules/@types/node": {
      "version": "20.12.12",
      "dev": true,
      "license": "MIT",
      "dependencies": {
        "undici-types": "~5.26.4"
      }
    },
    "node_modules/@types/ws": {
      "version": "8.5.10",
      "dev": true,
      "license": "MIT",
      "dependencies": {
        "@types/node": "*"
      }
    },
    "node_modules/abort-controller": {
      "version": "3.0.0",
      "resolved": "https://registry.npmjs.org/abort-controller/-/abort-controller-3.0.0.tgz",
      "integrity": "sha512-h8lQ8tacZYnR3vNQTgibj+tODHI5/+l06Au2Pcriv/Gmet0eaj4TwWH41sO9wnHDiQsEj19q0drzdWdeAHtweg==",
      "dependencies": {
        "event-target-shim": "^5.0.0"
      },
      "engines": {
        "node": ">=6.5"
      }
    },
    "node_modules/bun-types": {
      "version": "1.1.9",
      "dev": true,
      "license": "MIT",
      "dependencies": {
        "@types/node": "~20.12.8",
        "@types/ws": "~8.5.10"
      }
    },
    "node_modules/cron": {
      "version": "3.1.7",
      "resolved": "https://registry.npmjs.org/cron/-/cron-3.1.7.tgz",
      "integrity": "sha512-tlBg7ARsAMQLzgwqVxy8AZl/qlTc5nibqYwtNGoCrd+cV+ugI+tvZC1oT/8dFH8W455YrywGykx/KMmAqOr7Jw==",
      "dependencies": {
        "@types/luxon": "~3.4.0",
        "luxon": "~3.4.0"
      }
    },
    "node_modules/dayjs": {
      "version": "1.11.11",
      "resolved": "https://registry.npmjs.org/dayjs/-/dayjs-1.11.11.tgz",
      "integrity": "sha512-okzr3f11N6WuqYtZSvm+F776mB41wRZMhKP+hc34YdW+KmtYYK9iqvHSwo2k9FEH3fhGXvOPV6yz2IcSrfRUDg=="
    },
    "node_modules/debug": {
      "version": "4.3.5",
      "resolved": "https://registry.npmjs.org/debug/-/debug-4.3.5.tgz",
      "integrity": "sha512-pt0bNEmneDIvdL1Xsd9oDQ/wrQRkXDT4AUWlNZNPKvW5x/jyO9VFXkJUP07vQ2upmw5PlaITaPKc31jK13V+jg==",
      "dependencies": {
        "ms": "2.1.2"
      },
      "engines": {
        "node": ">=6.0"
      },
      "peerDependenciesMeta": {
        "supports-color": {
          "optional": true
        }
      }
    },
    "node_modules/event-target-shim": {
      "version": "5.0.1",
      "resolved": "https://registry.npmjs.org/event-target-shim/-/event-target-shim-5.0.1.tgz",
      "integrity": "sha512-i/2XbnSz/uxRCU6+NdVJgKWDTM427+MqYbkQzD321DuCQJUqOuJKIA0IM2+W2xtYHdKOmZ4dR6fExsd4SXL+WQ==",
      "engines": {
        "node": ">=6"
      }
    },
    "node_modules/grammy": {
      "version": "1.24.0",
      "resolved": "https://registry.npmjs.org/grammy/-/grammy-1.24.0.tgz",
      "integrity": "sha512-cHeUC4jOwqEF4405b0phwr40IwIzudDSBHsSni5z6JyI7u3xCYpvD+11FOmxjgjrk9L9xEumC6VKL1yR1LRWTA==",
      "dependencies": {
        "@grammyjs/types": "3.8.0",
        "abort-controller": "^3.0.0",
        "debug": "^4.3.4",
        "node-fetch": "^2.7.0"
      },
      "engines": {
        "node": "^12.20.0 || >=14.13.1"
      }
    },
    "node_modules/lodash": {
      "version": "4.17.21",
      "resolved": "https://registry.npmjs.org/lodash/-/lodash-4.17.21.tgz",
      "integrity": "sha512-v2kDEe57lecTulaDIuNTPy3Ry4gLGJ6Z1O3vE1krgXZNrsQ+LFTGHVxVjcXPs17LhbZVGedAJv8XZ1tvj5FvSg=="
    },
    "node_modules/luxon": {
      "version": "3.4.4",
      "resolved": "https://registry.npmjs.org/luxon/-/luxon-3.4.4.tgz",
      "integrity": "sha512-zobTr7akeGHnv7eBOXcRgMeCP6+uyYsczwmeRCauvpvaAltgNyTbLH/+VaEAPUeWBT+1GuNmz4wC/6jtQzbbVA==",
      "engines": {
        "node": ">=12"
      }
    },
    "node_modules/ms": {
      "version": "2.1.2",
      "resolved": "https://registry.npmjs.org/ms/-/ms-2.1.2.tgz",
      "integrity": "sha512-sGkPx+VjMtmA6MX27oA4FBFELFCZZ4S4XqeGOXCv68tT+jb3vk/RyaKWP0PTKyWtmLSM0b+adUTEvbs1PEaH2w=="
    },
    "node_modules/node-fetch": {
      "version": "2.7.0",
      "resolved": "https://registry.npmjs.org/node-fetch/-/node-fetch-2.7.0.tgz",
      "integrity": "sha512-c4FRfUm/dbcWZ7U+1Wq0AwCyFL+3nt2bEw05wfxSz+DWpWsitgmSgYmy2dQdWyKC1694ELPqMs/YzUSNozLt8A==",
      "dependencies": {
        "whatwg-url": "^5.0.0"
      },
      "engines": {
        "node": "4.x || >=6.0.0"
      },
      "peerDependencies": {
        "encoding": "^0.1.0"
      },
      "peerDependenciesMeta": {
        "encoding": {
          "optional": true
        }
      }
    },
    "node_modules/reflect-metadata": {
      "version": "0.2.2",
      "resolved": "https://registry.npmjs.org/reflect-metadata/-/reflect-metadata-0.2.2.tgz",
      "integrity": "sha512-urBwgfrvVP/eAyXx4hluJivBKzuEbSQs9rKWCrCkbSxNv8mxPcUZKeuoF3Uy4mJl3Lwprp6yy5/39VWigZ4K6Q=="
    },
    "node_modules/tr46": {
      "version": "0.0.3",
      "resolved": "https://registry.npmjs.org/tr46/-/tr46-0.0.3.tgz",
      "integrity": "sha512-N3WMsuqV66lT30CrXNbEjx4GEwlow3v6rr4mCcv6prnfwhS01rkgyFdjPNBYd9br7LpXV1+Emh01fHnq2Gdgrw=="
    },
    "node_modules/typescript": {
      "version": "5.4.5",
      "license": "Apache-2.0",
      "peer": true,
      "bin": {
        "tsc": "bin/tsc",
        "tsserver": "bin/tsserver"
      },
      "engines": {
        "node": ">=14.17"
      }
    },
    "node_modules/undici-types": {
      "version": "5.26.5",
      "dev": true,
      "license": "MIT"
    },
    "node_modules/webidl-conversions": {
      "version": "3.0.1",
      "resolved": "https://registry.npmjs.org/webidl-conversions/-/webidl-conversions-3.0.1.tgz",
      "integrity": "sha512-2JAn3z8AR6rjK8Sm8orRC0h/bcl/DqL7tRPdGZ4I1CjdF+EaMLmYxBHyXuKL849eucPFhvBoxMsflfOb8kxaeQ=="
    },
    "node_modules/whatwg-url": {
      "version": "5.0.0",
      "resolved": "https://registry.npmjs.org/whatwg-url/-/whatwg-url-5.0.0.tgz",
      "integrity": "sha512-saE57nupxk6v3HY35+jzBwYa0rKSy0XR8JSxZPwgLr7ys0IBzhGviA1/TUGJLmSVqs8pb9AnvICXEuOHLprYTw==",
      "dependencies": {
        "tr46": "~0.0.3",
        "webidl-conversions": "^3.0.0"
      }
    }
  }
}
